
Microsoft Visual Studio Solution File, Format Version 12.00
# Visual Studio Version 17
VisualStudioVersion = 17.14.36408.4 d17.14
MinimumVisualStudioVersion = 10.0.40219.1
Project("{FAE04EC0-301F-11D3-BF4B-00C04F79EFBC}") = "Nauka", "Nauka.csproj", "{D75A3723-FAAD-45E4-92C1-C5D4C83EF904}"
EndProject
Global
	GlobalSection(SolutionConfigurationPlatforms) = preSolution
		Debug|Any CPU = Debug|Any CPU
		Release|Any CPU = Release|Any CPU
	EndGlobalSection
	GlobalSection(ProjectConfigurationPlatforms) = postSolution
		{D75A3723-FAAD-45E4-92C1-C5D4C83EF904}.Debug|Any CPU.ActiveCfg = Debug|Any CPU
		{D75A3723-FAAD-45E4-92C1-C5D4C83EF904}.Debug|Any CPU.Build.0 = Debug|Any CPU
		{D75A3723-FAAD-45E4-92C1-C5D4C83EF904}.Release|Any CPU.ActiveCfg = Release|Any CPU
		{D75A3723-FAAD-45E4-92C1-C5D4C83EF904}.Release|Any CPU.Build.0 = Release|Any CPU
	EndGlobalSection
	GlobalSection(SolutionProperties) = preSolution
		HideSolutionNode = FALSE
	EndGlobalSection
	GlobalSection(ExtensibilityGlobals) = postSolution
		SolutionGuid = {FA4918CC-1E45-43B9-BD76-5D4E1A1C4451}
	EndGlobalSection
EndGlobal
